// !$*UTF8*$!
{
	archiveVersion = 1;
	classes = {
	};
	objectVersion = 46;
	objects = {

/* Begin PBXBuildFile section */
		F45429521A52474D00D32371 /* main.m in Sources */ = {isa = PBXBuildFile; fileRef = F45429511A52474D00D32371 /* main.m */; };
		F45429551A52474D00D32371 /* AppDelegate.m in Sources */ = {isa = PBXBuildFile; fileRef = F45429541A52474D00D32371 /* AppDelegate.m */; };
		F45429581A52474D00D32371 /* ViewController.m in Sources */ = {isa = PBXBuildFile; fileRef = F45429571A52474D00D32371 /* ViewController.m */; };
		F454295D1A52474D00D32371 /* Images.xcassets in Resources */ = {isa = PBXBuildFile; fileRef = F454295C1A52474D00D32371 /* Images.xcassets */; };
		F45429601A52474D00D32371 /* LaunchScreen.xib in Resources */ = {isa = PBXBuildFile; fileRef = F454295E1A52474D00D32371 /* LaunchScreen.xib */; };
		F454296C1A52474D00D32371 /* refreshControllerTests.m in Sources */ = {isa = PBXBuildFile; fileRef = F454296B1A52474D00D32371 /* refreshControllerTests.m */; };
		F45429771A52477300D32371 /* refreshHeadView.m in Sources */ = {isa = PBXBuildFile; fileRef = F45429761A52477300D32371 /* refreshHeadView.m */; };
		F454297D1A524E2C00D32371 /* RefreshHeadController.m in Sources */ = {isa = PBXBuildFile; fileRef = F454297C1A524E2C00D32371 /* RefreshHeadController.m */; };
		F49D7ED91A539CF700F93E14 /* upLoadFootView.m in Sources */ = {isa = PBXBuildFile; fileRef = F49D7ED81A539CF700F93E14 /* upLoadFootView.m */; };
/* End PBXBuildFile section */

/* Begin PBXContainerItemProxy section */
		F45429661A52474D00D32371 /* PBXContainerItemProxy */ = {
			isa = PBXContainerItemProxy;
			containerPortal = F45429441A52474D00D32371 /* Project object */;
			proxyType = 1;
			remoteGlobalIDString = F454294B1A52474D00D32371;
			remoteInfo = refreshController;
		};
/* End PBXContainerItemProxy section */

/* Begin PBXFileReference section */
		F454294C1A52474D00D32371 /* refreshController.app */ = {isa = PBXFileReference; explicitFileType = wrapper.application; includeInIndex = 0; path = refreshController.app; sourceTree = BUILT_PRODUCTS_DIR; };
		F45429501A52474D00D32371 /* Info.plist */ = {isa = PBXFileReference; lastKnownFileType = text.plist.xml; path = Info.plist; sourceTree = "<group>"; };
		F45429511A52474D00D32371 /* main.m */ = {isa = PBXFileReference; lastKnownFileType = sourcecode.c.objc; path = main.m; sourceTree = "<group>"; };
		F45429531A52474D00D32371 /* AppDelegate.h */ = {isa = PBXFileReference; lastKnownFileType = sourcecode.c.h; path = AppDelegate.h; sourceTree = "<group>"; };
		F45429541A52474D00D32371 /* AppDelegate.m */ = {isa = PBXFileReference; lastKnownFileType = sourcecode.c.objc; path = AppDelegate.m; sourceTree = "<group>"; };
		F45429561A52474D00D32371 /* ViewController.h */ = {isa = PBXFileReference; lastKnownFileType = sourcecode.c.h; path = ViewController.h; sourceTree = "<group>"; };
		F45429571A52474D00D32371 /* ViewController.m */ = {isa = PBXFileReference; lastKnownFileType = sourcecode.c.objc; path = ViewController.m; sourceTree = "<group>"; };
		F454295C1A52474D00D32371 /* Images.xcassets */ = {isa = PBXFileReference; lastKnownFileType = folder.assetcatalog; path = Images.xcassets; sourceTree = "<group>"; };
		F454295F1A52474D00D32371 /* Base */ = {isa = PBXFileReference; lastKnownFileType = file.xib; name = Base; path = Base.lproj/LaunchScreen.xib; sourceTree = "<group>"; };
		F45429651A52474D00D32371 /* refreshControllerTests.xctest */ = {isa = PBXFileReference; explicitFileType = wrapper.cfbundle; includeInIndex = 0; path = refreshControllerTests.xctest; sourceTree = BUILT_PRODUCTS_DIR; };
		F454296A1A52474D00D32371 /* Info.plist */ = {isa = PBXFileReference; lastKnownFileType = text.plist.xml; path = Info.plist; sourceTree = "<group>"; };
		F454296B1A52474D00D32371 /* refreshControllerTests.m */ = {isa = PBXFileReference; lastKnownFileType = sourcecode.c.objc; path = refreshControllerTests.m; sourceTree = "<group>"; };
		F45429751A52477300D32371 /* refreshHeadView.h */ = {isa = PBXFileReference; fileEncoding = 4; lastKnownFileType = sourcecode.c.h; path = refreshHeadView.h; sourceTree = "<group>"; };
		F45429761A52477300D32371 /* refreshHeadView.m */ = {isa = PBXFileReference; fileEncoding = 4; lastKnownFileType = sourcecode.c.objc; path = refreshHeadView.m; sourceTree = "<group>"; };
		F454297B1A524E2C00D32371 /* RefreshHeadController.h */ = {isa = PBXFileReference; fileEncoding = 4; lastKnownFileType = sourcecode.c.h; path = RefreshHeadController.h; sourceTree = "<group>"; };
		F454297C1A524E2C00D32371 /* RefreshHeadController.m */ = {isa = PBXFileReference; fileEncoding = 4; lastKnownFileType = sourcecode.c.objc; path = RefreshHeadController.m; sourceTree = "<group>"; };
		F49D7ED71A539CF700F93E14 /* upLoadFootView.h */ = {isa = PBXFileReference; fileEncoding = 4; lastKnownFileType = sourcecode.c.h; path = upLoadFootView.h; sourceTree = "<group>"; };
		F49D7ED81A539CF700F93E14 /* upLoadFootView.m */ = {isa = PBXFileReference; fileEncoding = 4; lastKnownFileType = sourcecode.c.objc; path = upLoadFootView.m; sourceTree = "<group>"; };
/* End PBXFileReference section */

/* Begin PBXFrameworksBuildPhase section */
		F45429491A52474D00D32371 /* Frameworks */ = {
			isa = PBXFrameworksBuildPhase;
			buildActionMask = 2147483647;
			files = (
			);
			runOnlyForDeploymentPostprocessing = 0;
		};
		F45429621A52474D00D32371 /* Frameworks */ = {
			isa = PBXFrameworksBuildPhase;
			buildActionMask = 2147483647;
			files = (
			);
			runOnlyForDeploymentPostprocessing = 0;
		};
/* End PBXFrameworksBuildPhase section */

/* Begin PBXGroup section */
		F45429431A52474D00D32371 = {
			isa = PBXGroup;
			children = (
				F454294E1A52474D00D32371 /* refreshController */,
				F45429681A52474D00D32371 /* refreshControllerTests */,
				F454294D1A52474D00D32371 /* Products */,
			);
			sourceTree = "<group>";
		};
		F454294D1A52474D00D32371 /* Products */ = {
			isa = PBXGroup;
			children = (
				F454294C1A52474D00D32371 /* refreshController.app */,
				F45429651A52474D00D32371 /* refreshControllerTests.xctest */,
			);
			name = Products;
			sourceTree = "<group>";
		};
		F454294E1A52474D00D32371 /* refreshController */ = {
			isa = PBXGroup;
			children = (
				F45429531A52474D00D32371 /* AppDelegate.h */,
				F45429541A52474D00D32371 /* AppDelegate.m */,
				F45429561A52474D00D32371 /* ViewController.h */,
				F45429571A52474D00D32371 /* ViewController.m */,
				F45429751A52477300D32371 /* refreshHeadView.h */,
				F45429761A52477300D32371 /* refreshHeadView.m */,
				F49D7ED71A539CF700F93E14 /* upLoadFootView.h */,
				F49D7ED81A539CF700F93E14 /* upLoadFootView.m */,
				F454297B1A524E2C00D32371 /* RefreshHeadController.h */,
				F454297C1A524E2C00D32371 /* RefreshHeadController.m */,
				F454295C1A52474D00D32371 /* Images.xcassets */,
				F454295E1A52474D00D32371 /* LaunchScreen.xib */,
				F454294F1A52474D00D32371 /* Supporting Files */,
			);
			path = refreshController;
			sourceTree = "<group>";
		};
		F454294F1A52474D00D32371 /* Supporting Files */ = {
			isa = PBXGroup;
			children = (
				F45429501A52474D00D32371 /* Info.plist */,
				F45429511A52474D00D32371 /* main.m */,
			);
			name = "Supporting Files";
			sourceTree = "<group>";
		};
		F45429681A52474D00D32371 /* refreshControllerTests */ = {
			isa = PBXGroup;
			children = (
				F454296B1A52474D00D32371 /* refreshControllerTests.m */,
				F45429691A52474D00D32371 /* Supporting Files */,
			);
			path = refreshControllerTests;
			sourceTree = "<group>";
		};
		F45429691A52474D00D32371 /* Supporting Files */ = {
			isa = PBXGroup;
			children = (
				F454296A1A52474D00D32371 /* Info.plist */,
			);
			name = "Supporting Files";
			sourceTree = "<group>";
		};
/* End PBXGroup section */

/* Begin PBXNativeTarget section */
		F454294B1A52474D00D32371 /* refreshController */ = {
			isa = PBXNativeTarget;
			buildConfigurationList = F454296F1A52474D00D32371 /* Build configuration list for PBXNativeTarget "refreshController" */;
			buildPhases = (
				F45429481A52474D00D32371 /* Sources */,
				F45429491A52474D00D32371 /* Frameworks */,
				F454294A1A52474D00D32371 /* Resources */,
			);
			buildRules = (
			);
			dependencies = (
			);
			name = refreshController;
			productName = refreshController;
			productReference = F454294C1A52474D00D32371 /* refreshController.app */;
			productType = "com.apple.product-type.application";
		};
		F45429641A52474D00D32371 /* refreshControllerTests */ = {
			isa = PBXNativeTarget;
			buildConfigurationList = F45429721A52474D00D32371 /* Build configuration list for PBXNativeTarget "refreshControllerTests" */;
			buildPhases = (
				F45429611A52474D00D32371 /* Sources */,
				F45429621A52474D00D32371 /* Frameworks */,
				F45429631A52474D00D32371 /* Resources */,
			);
			buildRules = (
			);
			dependencies = (
				F45429671A52474D00D32371 /* PBXTargetDependency */,
			);
			name = refreshControllerTests;
			productName = refreshControllerTests;
			productReference = F45429651A52474D00D32371 /* refreshControllerTests.xctest */;
			productType = "com.apple.product-type.bundle.unit-test";
		};
/* End PBXNativeTarget section */

/* Begin PBXProject section */
		F45429441A52474D00D32371 /* Project object */ = {
			isa = PBXProject;
			attributes = {
				LastUpgradeCheck = 0610;
				ORGANIZATIONNAME = "iLogiE MAC";
				TargetAttributes = {
					F454294B1A52474D00D32371 = {
						CreatedOnToolsVersion = 6.1;
					};
					F45429641A52474D00D32371 = {
						CreatedOnToolsVersion = 6.1;
						TestTargetID = F454294B1A52474D00D32371;
					};
				};
			};
			buildConfigurationList = F45429471A52474D00D32371 /* Build configuration list for PBXProject "refreshController" */;
			compatibilityVersion = "Xcode 3.2";
			developmentRegion = English;
			hasScannedForEncodings = 0;
			knownRegions = (
				en,
				Base,
			);
			mainGroup = F45429431A52474D00D32371;
			productRefGroup = F454294D1A52474D00D32371 /* Products */;
			projectDirPath = "";
			projectRoot = "";
			targets = (
				F454294B1A52474D00D32371 /* refreshController */,
				F45429641A52474D00D32371 /* refreshControllerTests */,
			);
		};
/* End PBXProject section */

/* Begin PBXResourcesBuildPhase section */
		F454294A1A52474D00D32371 /* Resources */ = {
			isa = PBXResourcesBuildPhase;
			buildActionMask = 2147483647;
			files = (
				F45429601A52474D00D32371 /* LaunchScreen.xib in Resources */,
				F454295D1A52474D00D32371 /* Images.xcassets in Resources */,
			);
			runOnlyForDeploymentPostprocessing = 0;
		};
		F45429631A52474D00D32371 /* Resources */ = {
			isa = PBXResourcesBuildPhase;
			buildActionMask = 2147483647;
			files = (
			);
			runOnlyForDeploymentPostprocessing = 0;
		};
/* End PBXResourcesBuildPhase section */

/* Begin PBXSourcesBuildPhase section */
		F45429481A52474D00D32371 /* Sources */ = {
			isa = PBXSourcesBuildPhase;
			buildActionMask = 2147483647;
			files = (
				F45429771A52477300D32371 /* refreshHeadView.m in Sources */,
				F49D7ED91A539CF700F93E14 /* upLoadFootView.m in Sources */,
				F45429581A52474D00D32371 /* ViewController.m in Sources */,
				F45429551A52474D00D32371 /* AppDelegate.m in Sources */,
				F454297D1A524E2C00D32371 /* RefreshHeadController.m in Sources */,
				F45429521A52474D00D32371 /* main.m in Sources */,
			);
			runOnlyForDeploymentPostprocessing = 0;
		};
		F45429611A52474D00D32371 /* Sources */ = {
			isa = PBXSourcesBuildPhase;
			buildActionMask = 2147483647;
			files = (
				F454296C1A52474D00D32371 /* refreshControllerTests.m in Sources */,
			);
			runOnlyForDeploymentPostprocessing = 0;
		};
/* End PBXSourcesBuildPhase section */

/* Begin PBXTargetDependency section */
		F45429671A52474D00D32371 /* PBXTargetDependency */ = {
			isa = PBXTargetDependency;
			target = F454294B1A52474D00D32371 /* refreshController */;
			targetProxy = F45429661A52474D00D32371 /* PBXContainerItemProxy */;
		};
/* End PBXTargetDependency section */

/* Begin PBXVariantGroup section */
		F454295E1A52474D00D32371 /* LaunchScreen.xib */ = {
			isa = PBXVariantGroup;
			children = (
				F454295F1A52474D00D32371 /* Base */,
			);
			name = LaunchScreen.xib;
			sourceTree = "<group>";
		};
/* End PBXVariantGroup section */

/* Begin XCBuildConfiguration section */
		F454296D1A52474D00D32371 /* Debug */ = {
			isa = XCBuildConfiguration;
			buildSettings = {
				ALWAYS_SEARCH_USER_PATHS = NO;
				CLANG_CXX_LANGUAGE_STANDARD = "gnu++0x";
				CLANG_CXX_LIBRARY = "libc++";
				CLANG_ENABLE_MODULES = YES;
				CLANG_ENABLE_OBJC_ARC = YES;
				CLANG_WARN_BOOL_CONVERSION = YES;
				CLANG_WARN_CONSTANT_CONVERSION = YES;
				CLANG_WARN_DIRECT_OBJC_ISA_USAGE = YES_ERROR;
				CLANG_WARN_EMPTY_BODY = YES;
				CLANG_WARN_ENUM_CONVERSION = YES;
				CLANG_WARN_INT_CONVERSION = YES;
				CLANG_WARN_OBJC_ROOT_CLASS = YES_ERROR;
				CLANG_WARN_UNREACHABLE_CODE = YES;
				CLANG_WARN__DUPLICATE_METHOD_MATCH = YES;
				"CODE_SIGN_IDENTITY[sdk=iphoneos*]" = "iPhone Developer";
				COPY_PHASE_STRIP = NO;
				ENABLE_STRICT_OBJC_MSGSEND = YES;
				GCC_C_LANGUAGE_STANDARD = gnu99;
				GCC_DYNAMIC_NO_PIC = NO;
				GCC_OPTIMIZATION_LEVEL = 0;
				GCC_PREPROCESSOR_DEFINITIONS = (
					"DEBUG=1",
					"$(inherited)",
				);
				GCC_SYMBOLS_PRIVATE_EXTERN = NO;
				GCC_WARN_64_TO_32_BIT_CONVERSION = YES;
				GCC_WARN_ABOUT_RETURN_TYPE = YES_ERROR;
				GCC_WARN_UNDECLARED_SELECTOR = YES;
				GCC_WARN_UNINITIALIZED_AUTOS = YES_AGGRESSIVE;
				GCC_WARN_UNUSED_FUNCTION = YES;
				GCC_WARN_UNUSED_VARIABLE = YES;
				IPHONEOS_DEPLOYMENT_TARGET = 8.1;
				MTL_ENABLE_DEBUG_INFO = YES;
				ONLY_ACTIVE_ARCH = YES;
				SDKROOT = iphoneos;
			};
			name = Debug;
		};
		F454296E1A52474D00D32371 /* Release */ = {
			isa = XCBuildConfiguration;
			buildSettings = {
				ALWAYS_SEARCH_USER_PATHS = NO;
				CLANG_CXX_LANGUAGE_STANDARD = "gnu++0x";
				CLANG_CXX_LIBRARY = "libc++";
				CLANG_ENABLE_MODULES = YES;
				CLANG_ENABLE_OBJC_ARC = YES;
				CLANG_WARN_BOOL_CONVERSION = YES;
				CLANG_WARN_CONSTANT_CONVERSION = YES;
				CLANG_WARN_DIRECT_OBJC_ISA_USAGE = YES_ERROR;
				CLANG_WARN_EMPTY_BODY = YES;
				CLANG_WARN_ENUM_CONVERSION = YES;
				CLANG_WARN_INT_CONVERSION = YES;
				CLANG_WARN_OBJC_ROOT_CLASS = YES_ERROR;
				CLANG_WARN_UNREACHABLE_CODE = YES;
				CLANG_WARN__DUPLICATE_METHOD_MATCH = YES;
				"CODE_SIGN_IDENTITY[sdk=iphoneos*]" = "iPhone Developer";
				COPY_PHASE_STRIP = YES;
				ENABLE_NS_ASSERTIONS = NO;
				ENABLE_STRICT_OBJC_MSGSEND = YES;
				GCC_C_LANGUAGE_STANDARD = gnu99;
				GCC_WARN_64_TO_32_BIT_CONVERSION = YES;
				GCC_WARN_ABOUT_RETURN_TYPE = YES_ERROR;
				GCC_WARN_UNDECLARED_SELECTOR = YES;
				GCC_WARN_UNINITIALIZED_AUTOS = YES_AGGRESSIVE;
				GCC_WARN_UNUSED_FUNCTION = YES;
				GCC_WARN_UNUSED_VARIABLE = YES;
				IPHONEOS_DEPLOYMENT_TARGET = 8.1;
				MTL_ENABLE_DEBUG_INFO = NO;
				SDKROOT = iphoneos;
				VALIDATE_PRODUCT = YES;
			};
			name = Release;
		};
		F45429701A52474D00D32371 /* Debug */ = {
			isa = XCBuildConfiguration;
			buildSettings = {
				ASSETCATALOG_COMPILER_APPICON_NAME = AppIcon;
				INFOPLIST_FILE = refreshController/Info.plist;
				LD_RUNPATH_SEARCH_PATHS = "$(inherited) @executable_path/Frameworks";
				PRODUCT_NAME = "$(TARGET_NAME)";
			};
			name = Debug;
		};
		F45429711A52474D00D32371 /* Release */ = {
			isa = XCBuildConfiguration;
			buildSettings = {
				ASSETCATALOG_COMPILER_APPICON_NAME = AppIcon;
				INFOPLIST_FILE = refreshController/Info.plist;
				LD_RUNPATH_SEARCH_PATHS = "$(inherited) @executable_path/Frameworks";
				PRODUCT_NAME = "$(TARGET_NAME)";
			};
			name = Release;
		};
		F45429731A52474D00D32371 /* Debug */ = {
			isa = XCBuildConfiguration;
			buildSettings = {
				BUNDLE_LOADER = "$(TEST_HOST)";
				FRAMEWORK_SEARCH_PATHS = (
					"$(SDKROOT)/Developer/Library/Frameworks",
					"$(inherited)",
				);
				GCC_PREPROCESSOR_DEFINITIONS = (
					"DEBUG=1",
					"$(inherited)",
				);
				INFOPLIST_FILE = refreshControllerTests/Info.plist;
				LD_RUNPATH_SEARCH_PATHS = "$(inherited) @executable_path/Frameworks @loader_path/Frameworks";
				PRODUCT_NAME = "$(TARGET_NAME)";
				TEST_HOST = "$(BUILT_PRODUCTS_DIR)/refreshController.app/refreshController";
			};
			name = Debug;
		};
		F45429741A52474D00D32371 /* Release */ = {
			isa = XCBuildConfiguration;
			buildSettings = {
				BUNDLE_LOADER = "$(TEST_HOST)";
				FRAMEWORK_SEARCH_PATHS = (
					"$(SDKROOT)/Developer/Library/Frameworks",
					"$(inherited)",
				);
				INFOPLIST_FILE = refreshControllerTests/Info.plist;
				LD_RUNPATH_SEARCH_PATHS = "$(inherited) @executable_path/Frameworks @loader_path/Frameworks";
				PRODUCT_NAME = "$(TARGET_NAME)";
				TEST_HOST = "$(BUILT_PRODUCTS_DIR)/refreshController.app/refreshController";
			};
			name = Release;
		};
/* End XCBuildConfiguration section */

/* Begin XCConfigurationList section */
		F45429471A52474D00D32371 /* Build configuration list for PBXProject "refreshController" */ = {
			isa = XCConfigurationList;
			buildConfigurations = (
				F454296D1A52474D00D32371 /* Debug */,
				F454296E1A52474D00D32371 /* Release */,
			);
			defaultConfigurationIsVisible = 0;
			defaultConfigurationName = Release;
		};
		F454296F1A52474D00D32371 /* Build configuration list for PBXNativeTarget "refreshController" */ = {
			isa = XCConfigurationList;
			buildConfigurations = (
				F45429701A52474D00D32371 /* Debug */,
				F45429711A52474D00D32371 /* Release */,
			);
			defaultConfigurationIsVisible = 0;
			defaultConfigurationName = Release;
		};
		F45429721A52474D00D32371 /* Build configuration list for PBXNativeTarget "refreshControllerTests" */ = {
			isa = XCConfigurationList;
			buildConfigurations = (
				F45429731A52474D00D32371 /* Debug */,
				F45429741A52474D00D32371 /* Release */,
			);
			defaultConfigurationIsVisible = 0;
			defaultConfigurationName = Release;
		};
/* End XCConfigurationList section */
	};
	rootObject = F45429441A52474D00D32371 /* Project object */;
}
